
Microsoft Visual Studio Solution File, Format Version 12.00
# Visual Studio Version 17
VisualStudioVersion = 17.7.34003.232
MinimumVisualStudioVersion = 10.0.40219.1
Project("{9A19103F-16F7-4668-BE54-9A1E7A4F7556}") = "Restarted.Generators", "SourceGenLogic\Restarted.Generators.csproj", "{C7AF5DEE-117F-476B-845A-F1FFCFF24B1E}"
EndProject
Project("{9A19103F-16F7-4668-BE54-9A1E7A4F7556}") = "SourceGeneratorParser", "SourceGeneratorParser\SourceGeneratorParser.csproj", "{B36C11F0-3EA3-4A3F-A137-46D96DA96971}"
EndProject
Project("{FAE04EC0-301F-11D3-BF4B-00C04F79EFBC}") = "ToolWindow", "SourceGenVSExtension\ToolWindow.csproj", "{ED5C3050-C684-4D15-AA9E-5350B9273D36}"
EndProject
Global
	GlobalSection(SolutionConfigurationPlatforms) = preSolution
		Debug|Any CPU = Debug|Any CPU
		Debug|x86 = Debug|x86
		Release|Any CPU = Release|Any CPU
		Release|x86 = Release|x86
	EndGlobalSection
	GlobalSection(ProjectConfigurationPlatforms) = postSolution
		{C7AF5DEE-117F-476B-845A-F1FFCFF24B1E}.Debug|Any CPU.ActiveCfg = Debug|Any CPU
		{C7AF5DEE-117F-476B-845A-F1FFCFF24B1E}.Debug|Any CPU.Build.0 = Debug|Any CPU
		{C7AF5DEE-117F-476B-845A-F1FFCFF24B1E}.Debug|x86.ActiveCfg = Debug|Any CPU
		{C7AF5DEE-117F-476B-845A-F1FFCFF24B1E}.Debug|x86.Build.0 = Debug|Any CPU
		{C7AF5DEE-117F-476B-845A-F1FFCFF24B1E}.Release|Any CPU.ActiveCfg = Release|Any CPU
		{C7AF5DEE-117F-476B-845A-F1FFCFF24B1E}.Release|Any CPU.Build.0 = Release|Any CPU
		{C7AF5DEE-117F-476B-845A-F1FFCFF24B1E}.Release|x86.ActiveCfg = Release|Any CPU
		{C7AF5DEE-117F-476B-845A-F1FFCFF24B1E}.Release|x86.Build.0 = Release|Any CPU
		{B36C11F0-3EA3-4A3F-A137-46D96DA96971}.Debug|Any CPU.ActiveCfg = Debug|Any CPU
		{B36C11F0-3EA3-4A3F-A137-46D96DA96971}.Debug|Any CPU.Build.0 = Debug|Any CPU
		{B36C11F0-3EA3-4A3F-A137-46D96DA96971}.Debug|x86.ActiveCfg = Debug|Any CPU
		{B36C11F0-3EA3-4A3F-A137-46D96DA96971}.Debug|x86.Build.0 = Debug|Any CPU
		{B36C11F0-3EA3-4A3F-A137-46D96DA96971}.Release|Any CPU.ActiveCfg = Release|Any CPU
		{B36C11F0-3EA3-4A3F-A137-46D96DA96971}.Release|Any CPU.Build.0 = Release|Any CPU
		{B36C11F0-3EA3-4A3F-A137-46D96DA96971}.Release|x86.ActiveCfg = Release|Any CPU
		{B36C11F0-3EA3-4A3F-A137-46D96DA96971}.Release|x86.Build.0 = Release|Any CPU
		{ED5C3050-C684-4D15-AA9E-5350B9273D36}.Debug|Any CPU.ActiveCfg = Debug|Any CPU
		{ED5C3050-C684-4D15-AA9E-5350B9273D36}.Debug|Any CPU.Build.0 = Debug|Any CPU
		{ED5C3050-C684-4D15-AA9E-5350B9273D36}.Debug|x86.ActiveCfg = Debug|x86
		{ED5C3050-C684-4D15-AA9E-5350B9273D36}.Debug|x86.Build.0 = Debug|x86
		{ED5C3050-C684-4D15-AA9E-5350B9273D36}.Release|Any CPU.ActiveCfg = Release|Any CPU
		{ED5C3050-C684-4D15-AA9E-5350B9273D36}.Release|Any CPU.Build.0 = Release|Any CPU
		{ED5C3050-C684-4D15-AA9E-5350B9273D36}.Release|x86.ActiveCfg = Release|x86
		{ED5C3050-C684-4D15-AA9E-5350B9273D36}.Release|x86.Build.0 = Release|x86
	EndGlobalSection
	GlobalSection(SolutionProperties) = preSolution
		HideSolutionNode = FALSE
	EndGlobalSection
	GlobalSection(ExtensibilityGlobals) = postSolution
		SolutionGuid = {78606BE1-0E4C-44DE-AA3B-6181E93D46A2}
	EndGlobalSection
EndGlobal
